// !$*UTF8*$!
{
	archiveVersion = 1;
	classes = {
	};
	objectVersion = 50;
	objects = {

/* Begin PBXBuildFile section */
		F71A7773270473C1002164FA /* NewsFeedViewModel.swift in Sources */ = {isa = PBXBuildFile; fileRef = F71A7772270473C1002164FA /* NewsFeedViewModel.swift */; };
		F71A777D2704DF3A002164FA /* NewsItemModel.swift in Sources */ = {isa = PBXBuildFile; fileRef = F71A777C2704DF3A002164FA /* NewsItemModel.swift */; };
		F73F780026FB74ED00E627A2 /* BuilderProtocol.swift in Sources */ = {isa = PBXBuildFile; fileRef = F73F77FF26FB74ED00E627A2 /* BuilderProtocol.swift */; };
		F73F780326FB759500E627A2 /* BuilderModule.swift in Sources */ = {isa = PBXBuildFile; fileRef = F73F780226FB759500E627A2 /* BuilderModule.swift */; };
		F73F780926FB764D00E627A2 /* Model.swift in Sources */ = {isa = PBXBuildFile; fileRef = F73F780826FB764D00E627A2 /* Model.swift */; };
		F73F780C26FB769D00E627A2 /* NewsFeedTableViewCell.xib in Resources */ = {isa = PBXBuildFile; fileRef = F73F780B26FB769D00E627A2 /* NewsFeedTableViewCell.xib */; };
		F73F781926FBC7DE00E627A2 /* extension+UIView.swift in Sources */ = {isa = PBXBuildFile; fileRef = F73F781826FBC7DE00E627A2 /* extension+UIView.swift */; };
		F7441CD526FC6A2C002CE3DD /* NewsFeedTableViewCell.swift in Sources */ = {isa = PBXBuildFile; fileRef = F7441CD426FC6A2C002CE3DD /* NewsFeedTableViewCell.swift */; };
		F7DA389B2705B2B400B9D984 /* NewsFeedViewModelProtocol.swift in Sources */ = {isa = PBXBuildFile; fileRef = F7DA389A2705B2B400B9D984 /* NewsFeedViewModelProtocol.swift */; };
		F7DA389F2705B39200B9D984 /* ApiError.swift in Sources */ = {isa = PBXBuildFile; fileRef = F7DA389E2705B39200B9D984 /* ApiError.swift */; };
		F7DA38A22705B3B500B9D984 /* SortingType.swift in Sources */ = {isa = PBXBuildFile; fileRef = F7DA38A12705B3B500B9D984 /* SortingType.swift */; };
		F7DC76C726FB6F7500B56B2D /* AppDelegate.swift in Sources */ = {isa = PBXBuildFile; fileRef = F7DC76C626FB6F7500B56B2D /* AppDelegate.swift */; };
		F7DC76C926FB6F7500B56B2D /* SceneDelegate.swift in Sources */ = {isa = PBXBuildFile; fileRef = F7DC76C826FB6F7500B56B2D /* SceneDelegate.swift */; };
		F7DC76D026FB6F7C00B56B2D /* Assets.xcassets in Resources */ = {isa = PBXBuildFile; fileRef = F7DC76CF26FB6F7C00B56B2D /* Assets.xcassets */; };
		F7DC76D326FB6F7C00B56B2D /* LaunchScreen.storyboard in Resources */ = {isa = PBXBuildFile; fileRef = F7DC76D126FB6F7C00B56B2D /* LaunchScreen.storyboard */; };
		F7F4408126FF2961006832DD /* NetworkService.swift in Sources */ = {isa = PBXBuildFile; fileRef = F7F4408026FF2961006832DD /* NetworkService.swift */; };
		F7FF913F26FE562300B22B53 /* NewsFeedViewController.swift in Sources */ = {isa = PBXBuildFile; fileRef = F7FF913D26FE562300B22B53 /* NewsFeedViewController.swift */; };
		F7FF914026FE562300B22B53 /* NewsFeedViewController.xib in Resources */ = {isa = PBXBuildFile; fileRef = F7FF913E26FE562300B22B53 /* NewsFeedViewController.xib */; };
/* End PBXBuildFile section */

/* Begin PBXFileReference section */
		F71A7772270473C1002164FA /* NewsFeedViewModel.swift */ = {isa = PBXFileReference; lastKnownFileType = sourcecode.swift; path = NewsFeedViewModel.swift; sourceTree = "<group>"; };
		F71A777C2704DF3A002164FA /* NewsItemModel.swift */ = {isa = PBXFileReference; lastKnownFileType = sourcecode.swift; path = NewsItemModel.swift; sourceTree = "<group>"; };
		F73F77FF26FB74ED00E627A2 /* BuilderProtocol.swift */ = {isa = PBXFileReference; lastKnownFileType = sourcecode.swift; path = BuilderProtocol.swift; sourceTree = "<group>"; };
		F73F780226FB759500E627A2 /* BuilderModule.swift */ = {isa = PBXFileReference; lastKnownFileType = sourcecode.swift; path = BuilderModule.swift; sourceTree = "<group>"; };
		F73F780826FB764D00E627A2 /* Model.swift */ = {isa = PBXFileReference; lastKnownFileType = sourcecode.swift; path = Model.swift; sourceTree = "<group>"; };
		F73F780B26FB769D00E627A2 /* NewsFeedTableViewCell.xib */ = {isa = PBXFileReference; lastKnownFileType = file.xib; path = NewsFeedTableViewCell.xib; sourceTree = "<group>"; };
		F73F781826FBC7DE00E627A2 /* extension+UIView.swift */ = {isa = PBXFileReference; lastKnownFileType = sourcecode.swift; path = "extension+UIView.swift"; sourceTree = "<group>"; };
		F7441CD426FC6A2C002CE3DD /* NewsFeedTableViewCell.swift */ = {isa = PBXFileReference; lastKnownFileType = sourcecode.swift; path = NewsFeedTableViewCell.swift; sourceTree = "<group>"; };
		F7DA389A2705B2B400B9D984 /* NewsFeedViewModelProtocol.swift */ = {isa = PBXFileReference; lastKnownFileType = sourcecode.swift; path = NewsFeedViewModelProtocol.swift; sourceTree = "<group>"; };
		F7DA389E2705B39200B9D984 /* ApiError.swift */ = {isa = PBXFileReference; lastKnownFileType = sourcecode.swift; path = ApiError.swift; sourceTree = "<group>"; };
		F7DA38A12705B3B500B9D984 /* SortingType.swift */ = {isa = PBXFileReference; lastKnownFileType = sourcecode.swift; path = SortingType.swift; sourceTree = "<group>"; };
		F7DC76C326FB6F7500B56B2D /* TJournal.app */ = {isa = PBXFileReference; explicitFileType = wrapper.application; includeInIndex = 0; path = TJournal.app; sourceTree = BUILT_PRODUCTS_DIR; };
		F7DC76C626FB6F7500B56B2D /* AppDelegate.swift */ = {isa = PBXFileReference; lastKnownFileType = sourcecode.swift; path = AppDelegate.swift; sourceTree = "<group>"; };
		F7DC76C826FB6F7500B56B2D /* SceneDelegate.swift */ = {isa = PBXFileReference; lastKnownFileType = sourcecode.swift; path = SceneDelegate.swift; sourceTree = "<group>"; };
		F7DC76CF26FB6F7C00B56B2D /* Assets.xcassets */ = {isa = PBXFileReference; lastKnownFileType = folder.assetcatalog; path = Assets.xcassets; sourceTree = "<group>"; };
		F7DC76D226FB6F7C00B56B2D /* Base */ = {isa = PBXFileReference; lastKnownFileType = file.storyboard; name = Base; path = Base.lproj/LaunchScreen.storyboard; sourceTree = "<group>"; };
		F7DC76D426FB6F7C00B56B2D /* Info.plist */ = {isa = PBXFileReference; lastKnownFileType = text.plist.xml; path = Info.plist; sourceTree = "<group>"; };
		F7F4408026FF2961006832DD /* NetworkService.swift */ = {isa = PBXFileReference; lastKnownFileType = sourcecode.swift; path = NetworkService.swift; sourceTree = "<group>"; };
		F7FF913D26FE562300B22B53 /* NewsFeedViewController.swift */ = {isa = PBXFileReference; lastKnownFileType = sourcecode.swift; path = NewsFeedViewController.swift; sourceTree = "<group>"; };
		F7FF913E26FE562300B22B53 /* NewsFeedViewController.xib */ = {isa = PBXFileReference; lastKnownFileType = file.xib; path = NewsFeedViewController.xib; sourceTree = "<group>"; };
/* End PBXFileReference section */

/* Begin PBXFrameworksBuildPhase section */
		F7DC76C026FB6F7500B56B2D /* Frameworks */ = {
			isa = PBXFrameworksBuildPhase;
			buildActionMask = 2147483647;
			files = (
			);
			runOnlyForDeploymentPostprocessing = 0;
		};
/* End PBXFrameworksBuildPhase section */

/* Begin PBXGroup section */
		F71A7771270473AA002164FA /* ViewModel */ = {
			isa = PBXGroup;
			children = (
				F71A7772270473C1002164FA /* NewsFeedViewModel.swift */,
				F7DA389A2705B2B400B9D984 /* NewsFeedViewModelProtocol.swift */,
			);
			path = ViewModel;
			sourceTree = "<group>";
		};
		F73F77FD26FB729200E627A2 /* View */ = {
			isa = PBXGroup;
			children = (
				F7441CD426FC6A2C002CE3DD /* NewsFeedTableViewCell.swift */,
				F73F780B26FB769D00E627A2 /* NewsFeedTableViewCell.xib */,
				F7DC76D126FB6F7C00B56B2D /* LaunchScreen.storyboard */,
				F7FF913D26FE562300B22B53 /* NewsFeedViewController.swift */,
				F7FF913E26FE562300B22B53 /* NewsFeedViewController.xib */,
			);
			path = View;
			sourceTree = "<group>";
		};
		F73F77FE26FB74C800E627A2 /* Builder */ = {
			isa = PBXGroup;
			children = (
				F73F77FF26FB74ED00E627A2 /* BuilderProtocol.swift */,
				F73F780226FB759500E627A2 /* BuilderModule.swift */,
			);
			path = Builder;
			sourceTree = "<group>";
		};
		F73F780726FB763600E627A2 /* Model */ = {
			isa = PBXGroup;
			children = (
				F73F780826FB764D00E627A2 /* Model.swift */,
				F71A777C2704DF3A002164FA /* NewsItemModel.swift */,
			);
			path = Model;
			sourceTree = "<group>";
		};
		F73F781726FBC7AD00E627A2 /* Extension */ = {
			isa = PBXGroup;
			children = (
				F73F781826FBC7DE00E627A2 /* extension+UIView.swift */,
			);
			path = Extension;
			sourceTree = "<group>";
		};
		F7DA38942705B08200B9D984 /* NewsDetaileModule */ = {
			isa = PBXGroup;
			children = (
				F7DA38962705B0D900B9D984 /* View */,
			);
			path = NewsDetaileModule;
			sourceTree = "<group>";
		};
		F7DA38962705B0D900B9D984 /* View */ = {
			isa = PBXGroup;
			children = (
			);
			path = View;
			sourceTree = "<group>";
		};
		F7DC76BA26FB6F7500B56B2D = {
			isa = PBXGroup;
			children = (
				F7DC76C526FB6F7500B56B2D /* TJournal */,
				F7DC76C426FB6F7500B56B2D /* Products */,
			);
			sourceTree = "<group>";
		};
		F7DC76C426FB6F7500B56B2D /* Products */ = {
			isa = PBXGroup;
			children = (
				F7DC76C326FB6F7500B56B2D /* TJournal.app */,
			);
			name = Products;
			sourceTree = "<group>";
		};
		F7DC76C526FB6F7500B56B2D /* TJournal */ = {
			isa = PBXGroup;
			children = (
				F7F4407C26FF19EA006832DD /* NetworkService */,
				F73F781726FBC7AD00E627A2 /* Extension */,
				F73F77FE26FB74C800E627A2 /* Builder */,
				F7DC76DD26FB707600B56B2D /* App */,
				F7DC76DB26FB6FF400B56B2D /* NewsFeedModule */,
				F7DA38942705B08200B9D984 /* NewsDetaileModule */,
				F7DC76CF26FB6F7C00B56B2D /* Assets.xcassets */,
				F7DC76D426FB6F7C00B56B2D /* Info.plist */,
			);
			path = TJournal;
			sourceTree = "<group>";
		};
		F7DC76DB26FB6FF400B56B2D /* NewsFeedModule */ = {
			isa = PBXGroup;
			children = (
				F71A7771270473AA002164FA /* ViewModel */,
				F73F780726FB763600E627A2 /* Model */,
				F73F77FD26FB729200E627A2 /* View */,
			);
			path = NewsFeedModule;
			sourceTree = "<group>";
		};
		F7DC76DD26FB707600B56B2D /* App */ = {
			isa = PBXGroup;
			children = (
				F7DC76C626FB6F7500B56B2D /* AppDelegate.swift */,
				F7DC76C826FB6F7500B56B2D /* SceneDelegate.swift */,
			);
			path = App;
			sourceTree = "<group>";
		};
		F7F4407C26FF19EA006832DD /* NetworkService */ = {
			isa = PBXGroup;
			children = (
				F7F4408026FF2961006832DD /* NetworkService.swift */,
				F7DA389E2705B39200B9D984 /* ApiError.swift */,
				F7DA38A12705B3B500B9D984 /* SortingType.swift */,
			);
			path = NetworkService;
			sourceTree = "<group>";
		};
/* End PBXGroup section */

/* Begin PBXNativeTarget section */
		F7DC76C226FB6F7500B56B2D /* TJournal */ = {
			isa = PBXNativeTarget;
			buildConfigurationList = F7DC76D726FB6F7C00B56B2D /* Build configuration list for PBXNativeTarget "TJournal" */;
			buildPhases = (
				F7DC76BF26FB6F7500B56B2D /* Sources */,
				F7DC76C026FB6F7500B56B2D /* Frameworks */,
				F7DC76C126FB6F7500B56B2D /* Resources */,
			);
			buildRules = (
			);
			dependencies = (
			);
			name = TJournal;
			productName = TJournal;
			productReference = F7DC76C326FB6F7500B56B2D /* TJournal.app */;
			productType = "com.apple.product-type.application";
		};
/* End PBXNativeTarget section */

/* Begin PBXProject section */
		F7DC76BB26FB6F7500B56B2D /* Project object */ = {
			isa = PBXProject;
			attributes = {
				LastSwiftUpdateCheck = 1240;
				LastUpgradeCheck = 1240;
				TargetAttributes = {
					F7DC76C226FB6F7500B56B2D = {
						CreatedOnToolsVersion = 12.4;
					};
				};
			};
			buildConfigurationList = F7DC76BE26FB6F7500B56B2D /* Build configuration list for PBXProject "TJournal" */;
			compatibilityVersion = "Xcode 9.3";
			developmentRegion = en;
			hasScannedForEncodings = 0;
			knownRegions = (
				en,
				Base,
			);
			mainGroup = F7DC76BA26FB6F7500B56B2D;
			productRefGroup = F7DC76C426FB6F7500B56B2D /* Products */;
			projectDirPath = "";
			projectRoot = "";
			targets = (
				F7DC76C226FB6F7500B56B2D /* TJournal */,
			);
		};
/* End PBXProject section */

/* Begin PBXResourcesBuildPhase section */
		F7DC76C126FB6F7500B56B2D /* Resources */ = {
			isa = PBXResourcesBuildPhase;
			buildActionMask = 2147483647;
			files = (
				F7FF914026FE562300B22B53 /* NewsFeedViewController.xib in Resources */,
				F7DC76D326FB6F7C00B56B2D /* LaunchScreen.storyboard in Resources */,
				F7DC76D026FB6F7C00B56B2D /* Assets.xcassets in Resources */,
				F73F780C26FB769D00E627A2 /* NewsFeedTableViewCell.xib in Resources */,
			);
			runOnlyForDeploymentPostprocessing = 0;
		};
/* End PBXResourcesBuildPhase section */

/* Begin PBXSourcesBuildPhase section */
		F7DC76BF26FB6F7500B56B2D /* Sources */ = {
			isa = PBXSourcesBuildPhase;
			buildActionMask = 2147483647;
			files = (
				F7F4408126FF2961006832DD /* NetworkService.swift in Sources */,
				F73F780026FB74ED00E627A2 /* BuilderProtocol.swift in Sources */,
				F73F780326FB759500E627A2 /* BuilderModule.swift in Sources */,
				F71A777D2704DF3A002164FA /* NewsItemModel.swift in Sources */,
				F7FF913F26FE562300B22B53 /* NewsFeedViewController.swift in Sources */,
				F71A7773270473C1002164FA /* NewsFeedViewModel.swift in Sources */,
				F7DA389B2705B2B400B9D984 /* NewsFeedViewModelProtocol.swift in Sources */,
				F7441CD526FC6A2C002CE3DD /* NewsFeedTableViewCell.swift in Sources */,
				F73F780926FB764D00E627A2 /* Model.swift in Sources */,
				F7DC76C726FB6F7500B56B2D /* AppDelegate.swift in Sources */,
				F7DA38A22705B3B500B9D984 /* SortingType.swift in Sources */,
				F7DC76C926FB6F7500B56B2D /* SceneDelegate.swift in Sources */,
				F7DA389F2705B39200B9D984 /* ApiError.swift in Sources */,
				F73F781926FBC7DE00E627A2 /* extension+UIView.swift in Sources */,
			);
			runOnlyForDeploymentPostprocessing = 0;
		};
/* End PBXSourcesBuildPhase section */

/* Begin PBXVariantGroup section */
		F7DC76D126FB6F7C00B56B2D /* LaunchScreen.storyboard */ = {
			isa = PBXVariantGroup;
			children = (
				F7DC76D226FB6F7C00B56B2D /* Base */,
			);
			name = LaunchScreen.storyboard;
			sourceTree = "<group>";
		};
/* End PBXVariantGroup section */

/* Begin XCBuildConfiguration section */
		F7DC76D526FB6F7C00B56B2D /* Debug */ = {
			isa = XCBuildConfiguration;
			buildSettings = {
				ALWAYS_SEARCH_USER_PATHS = NO;
				CLANG_ANALYZER_NONNULL = YES;
				CLANG_ANALYZER_NUMBER_OBJECT_CONVERSION = YES_AGGRESSIVE;
				CLANG_CXX_LANGUAGE_STANDARD = "gnu++14";
				CLANG_CXX_LIBRARY = "libc++";
				CLANG_ENABLE_MODULES = YES;
				CLANG_ENABLE_OBJC_ARC = YES;
				CLANG_ENABLE_OBJC_WEAK = YES;
				CLANG_WARN_BLOCK_CAPTURE_AUTORELEASING = YES;
				CLANG_WARN_BOOL_CONVERSION = YES;
				CLANG_WARN_COMMA = YES;
				CLANG_WARN_CONSTANT_CONVERSION = YES;
				CLANG_WARN_DEPRECATED_OBJC_IMPLEMENTATIONS = YES;
				CLANG_WARN_DIRECT_OBJC_ISA_USAGE = YES_ERROR;
				CLANG_WARN_DOCUMENTATION_COMMENTS = YES;
				CLANG_WARN_EMPTY_BODY = YES;
				CLANG_WARN_ENUM_CONVERSION = YES;
				CLANG_WARN_INFINITE_RECURSION = YES;
				CLANG_WARN_INT_CONVERSION = YES;
				CLANG_WARN_NON_LITERAL_NULL_CONVERSION = YES;
				CLANG_WARN_OBJC_IMPLICIT_RETAIN_SELF = YES;
				CLANG_WARN_OBJC_LITERAL_CONVERSION = YES;
				CLANG_WARN_OBJC_ROOT_CLASS = YES_ERROR;
				CLANG_WARN_QUOTED_INCLUDE_IN_FRAMEWORK_HEADER = YES;
				CLANG_WARN_RANGE_LOOP_ANALYSIS = YES;
				CLANG_WARN_STRICT_PROTOTYPES = YES;
				CLANG_WARN_SUSPICIOUS_MOVE = YES;
				CLANG_WARN_UNGUARDED_AVAILABILITY = YES_AGGRESSIVE;
				CLANG_WARN_UNREACHABLE_CODE = YES;
				CLANG_WARN__DUPLICATE_METHOD_MATCH = YES;
				COPY_PHASE_STRIP = NO;
				DEBUG_INFORMATION_FORMAT = dwarf;
				ENABLE_STRICT_OBJC_MSGSEND = YES;
				ENABLE_TESTABILITY = YES;
				GCC_C_LANGUAGE_STANDARD = gnu11;
				GCC_DYNAMIC_NO_PIC = NO;
				GCC_NO_COMMON_BLOCKS = YES;
				GCC_OPTIMIZATION_LEVEL = 0;
				GCC_PREPROCESSOR_DEFINITIONS = (
					"DEBUG=1",
					"$(inherited)",
				);
				GCC_WARN_64_TO_32_BIT_CONVERSION = YES;
				GCC_WARN_ABOUT_RETURN_TYPE = YES_ERROR;
				GCC_WARN_UNDECLARED_SELECTOR = YES;
				GCC_WARN_UNINITIALIZED_AUTOS = YES_AGGRESSIVE;
				GCC_WARN_UNUSED_FUNCTION = YES;
				GCC_WARN_UNUSED_VARIABLE = YES;
				IPHONEOS_DEPLOYMENT_TARGET = 14.4;
				MTL_ENABLE_DEBUG_INFO = INCLUDE_SOURCE;
				MTL_FAST_MATH = YES;
				ONLY_ACTIVE_ARCH = YES;
				SDKROOT = iphoneos;
				SWIFT_ACTIVE_COMPILATION_CONDITIONS = DEBUG;
				SWIFT_OPTIMIZATION_LEVEL = "-Onone";
			};
			name = Debug;
		};
		F7DC76D626FB6F7C00B56B2D /* Release */ = {
			isa = XCBuildConfiguration;
			buildSettings = {
				ALWAYS_SEARCH_USER_PATHS = NO;
				CLANG_ANALYZER_NONNULL = YES;
				CLANG_ANALYZER_NUMBER_OBJECT_CONVERSION = YES_AGGRESSIVE;
				CLANG_CXX_LANGUAGE_STANDARD = "gnu++14";
				CLANG_CXX_LIBRARY = "libc++";
				CLANG_ENABLE_MODULES = YES;
				CLANG_ENABLE_OBJC_ARC = YES;
				CLANG_ENABLE_OBJC_WEAK = YES;
				CLANG_WARN_BLOCK_CAPTURE_AUTORELEASING = YES;
				CLANG_WARN_BOOL_CONVERSION = YES;
				CLANG_WARN_COMMA = YES;
				CLANG_WARN_CONSTANT_CONVERSION = YES;
				CLANG_WARN_DEPRECATED_OBJC_IMPLEMENTATIONS = YES;
				CLANG_WARN_DIRECT_OBJC_ISA_USAGE = YES_ERROR;
				CLANG_WARN_DOCUMENTATION_COMMENTS = YES;
				CLANG_WARN_EMPTY_BODY = YES;
				CLANG_WARN_ENUM_CONVERSION = YES;
				CLANG_WARN_INFINITE_RECURSION = YES;
				CLANG_WARN_INT_CONVERSION = YES;
				CLANG_WARN_NON_LITERAL_NULL_CONVERSION = YES;
				CLANG_WARN_OBJC_IMPLICIT_RETAIN_SELF = YES;
				CLANG_WARN_OBJC_LITERAL_CONVERSION = YES;
				CLANG_WARN_OBJC_ROOT_CLASS = YES_ERROR;
				CLANG_WARN_QUOTED_INCLUDE_IN_FRAMEWORK_HEADER = YES;
				CLANG_WARN_RANGE_LOOP_ANALYSIS = YES;
				CLANG_WARN_STRICT_PROTOTYPES = YES;
				CLANG_WARN_SUSPICIOUS_MOVE = YES;
				CLANG_WARN_UNGUARDED_AVAILABILITY = YES_AGGRESSIVE;
				CLANG_WARN_UNREACHABLE_CODE = YES;
				CLANG_WARN__DUPLICATE_METHOD_MATCH = YES;
				COPY_PHASE_STRIP = NO;
				DEBUG_INFORMATION_FORMAT = "dwarf-with-dsym";
				ENABLE_NS_ASSERTIONS = NO;
				ENABLE_STRICT_OBJC_MSGSEND = YES;
				GCC_C_LANGUAGE_STANDARD = gnu11;
				GCC_NO_COMMON_BLOCKS = YES;
				GCC_WARN_64_TO_32_BIT_CONVERSION = YES;
				GCC_WARN_ABOUT_RETURN_TYPE = YES_ERROR;
				GCC_WARN_UNDECLARED_SELECTOR = YES;
				GCC_WARN_UNINITIALIZED_AUTOS = YES_AGGRESSIVE;
				GCC_WARN_UNUSED_FUNCTION = YES;
				GCC_WARN_UNUSED_VARIABLE = YES;
				IPHONEOS_DEPLOYMENT_TARGET = 14.4;
				MTL_ENABLE_DEBUG_INFO = NO;
				MTL_FAST_MATH = YES;
				SDKROOT = iphoneos;
				SWIFT_COMPILATION_MODE = wholemodule;
				SWIFT_OPTIMIZATION_LEVEL = "-O";
				VALIDATE_PRODUCT = YES;
			};
			name = Release;
		};
		F7DC76D826FB6F7C00B56B2D /* Debug */ = {
			isa = XCBuildConfiguration;
			buildSettings = {
				ASSETCATALOG_COMPILER_APPICON_NAME = AppIcon;
				ASSETCATALOG_COMPILER_GLOBAL_ACCENT_COLOR_NAME = AccentColor;
				CODE_SIGN_IDENTITY = "Apple Development";
				CODE_SIGN_STYLE = Automatic;
				DEVELOPMENT_TEAM = F65YYAQSG7;
				INFOPLIST_FILE = TJournal/Info.plist;
				IPHONEOS_DEPLOYMENT_TARGET = 13.0;
				LD_RUNPATH_SEARCH_PATHS = (
					"$(inherited)",
					"@executable_path/Frameworks",
				);
				PRODUCT_BUNDLE_IDENTIFIER = Igor.Shedule;
				PRODUCT_NAME = "$(TARGET_NAME)";
				PROVISIONING_PROFILE_SPECIFIER = "";
				SWIFT_VERSION = 5.0;
				TARGETED_DEVICE_FAMILY = 1;
			};
			name = Debug;
		};
		F7DC76D926FB6F7C00B56B2D /* Release */ = {
			isa = XCBuildConfiguration;
			buildSettings = {
				ASSETCATALOG_COMPILER_APPICON_NAME = AppIcon;
				ASSETCATALOG_COMPILER_GLOBAL_ACCENT_COLOR_NAME = AccentColor;
				CODE_SIGN_IDENTITY = "Apple Development";
				CODE_SIGN_STYLE = Automatic;
				DEVELOPMENT_TEAM = F65YYAQSG7;
				INFOPLIST_FILE = TJournal/Info.plist;
				IPHONEOS_DEPLOYMENT_TARGET = 13.0;
				LD_RUNPATH_SEARCH_PATHS = (
					"$(inherited)",
					"@executable_path/Frameworks",
				);
				PRODUCT_BUNDLE_IDENTIFIER = Igor.Shedule;
				PRODUCT_NAME = "$(TARGET_NAME)";
				PROVISIONING_PROFILE_SPECIFIER = "";
				SWIFT_VERSION = 5.0;
				TARGETED_DEVICE_FAMILY = 1;
			};
			name = Release;
		};
/* End XCBuildConfiguration section */

/* Begin XCConfigurationList section */
		F7DC76BE26FB6F7500B56B2D /* Build configuration list for PBXProject "TJournal" */ = {
			isa = XCConfigurationList;
			buildConfigurations = (
				F7DC76D526FB6F7C00B56B2D /* Debug */,
				F7DC76D626FB6F7C00B56B2D /* Release */,
			);
			defaultConfigurationIsVisible = 0;
			defaultConfigurationName = Release;
		};
		F7DC76D726FB6F7C00B56B2D /* Build configuration list for PBXNativeTarget "TJournal" */ = {
			isa = XCConfigurationList;
			buildConfigurations = (
				F7DC76D826FB6F7C00B56B2D /* Debug */,
				F7DC76D926FB6F7C00B56B2D /* Release */,
			);
			defaultConfigurationIsVisible = 0;
			defaultConfigurationName = Release;
		};
/* End XCConfigurationList section */
	};
	rootObject = F7DC76BB26FB6F7500B56B2D /* Project object */;
}
